// !$*UTF8*$!
{
	archiveVersion = 1;
	classes = {
	};
	objectVersion = 50;
	objects = {

/* Begin PBXBuildFile section */
		B1958CCB26401970007DAF53 /* WordDetailView.swift in Sources */ = {isa = PBXBuildFile; fileRef = B1958CCA26401970007DAF53 /* WordDetailView.swift */; };
		B1958CCC26401970007DAF53 /* WordDetailView.swift in Sources */ = {isa = PBXBuildFile; fileRef = B1958CCA26401970007DAF53 /* WordDetailView.swift */; };
		B1992EA42625ABC5006D171B /* Tests_iOS.swift in Sources */ = {isa = PBXBuildFile; fileRef = B1992EA32625ABC5006D171B /* Tests_iOS.swift */; };
		B1992EAF2625ABC5006D171B /* Tests_macOS.swift in Sources */ = {isa = PBXBuildFile; fileRef = B1992EAE2625ABC5006D171B /* Tests_macOS.swift */; };
		B1992EB12625ABC5006D171B /* LocutionApp.swift in Sources */ = {isa = PBXBuildFile; fileRef = B1992E882625ABC3006D171B /* LocutionApp.swift */; };
		B1992EB22625ABC5006D171B /* LocutionApp.swift in Sources */ = {isa = PBXBuildFile; fileRef = B1992E882625ABC3006D171B /* LocutionApp.swift */; };
		B1992EB32625ABC5006D171B /* LocutionList.swift in Sources */ = {isa = PBXBuildFile; fileRef = B1992E892625ABC3006D171B /* LocutionList.swift */; };
		B1992EB42625ABC5006D171B /* LocutionList.swift in Sources */ = {isa = PBXBuildFile; fileRef = B1992E892625ABC3006D171B /* LocutionList.swift */; };
		B1992EB52625ABC5006D171B /* Assets.xcassets in Resources */ = {isa = PBXBuildFile; fileRef = B1992E8A2625ABC5006D171B /* Assets.xcassets */; };
		B1992EB62625ABC5006D171B /* Assets.xcassets in Resources */ = {isa = PBXBuildFile; fileRef = B1992E8A2625ABC5006D171B /* Assets.xcassets */; };
		B1992ECB2625AC02006D171B /* Words.xcdatamodeld in Sources */ = {isa = PBXBuildFile; fileRef = B1992EC92625AC02006D171B /* Words.xcdatamodeld */; };
		B1992ECC2625AC02006D171B /* Words.xcdatamodeld in Sources */ = {isa = PBXBuildFile; fileRef = B1992EC92625AC02006D171B /* Words.xcdatamodeld */; };
		B1992ED22625AC6C006D171B /* AppViewModel.swift in Sources */ = {isa = PBXBuildFile; fileRef = B1992ED12625AC6C006D171B /* AppViewModel.swift */; };
		B1992ED32625AC6C006D171B /* AppViewModel.swift in Sources */ = {isa = PBXBuildFile; fileRef = B1992ED12625AC6C006D171B /* AppViewModel.swift */; };
		B1992ED92625AC79006D171B /* Words.swift in Sources */ = {isa = PBXBuildFile; fileRef = B1992ED82625AC79006D171B /* Words.swift */; };
		B1992EDA2625AC79006D171B /* Words.swift in Sources */ = {isa = PBXBuildFile; fileRef = B1992ED82625AC79006D171B /* Words.swift */; };
		B1992EE02625AD98006D171B /* Persistance.swift in Sources */ = {isa = PBXBuildFile; fileRef = B1992EDF2625AD98006D171B /* Persistance.swift */; };
		B1992EE12625AD98006D171B /* Persistance.swift in Sources */ = {isa = PBXBuildFile; fileRef = B1992EDF2625AD98006D171B /* Persistance.swift */; };
		B1A6828526260ADD00D9E902 /* AddWordView.swift in Sources */ = {isa = PBXBuildFile; fileRef = B1A6828426260ADD00D9E902 /* AddWordView.swift */; };
		B1A6828626260ADD00D9E902 /* AddWordView.swift in Sources */ = {isa = PBXBuildFile; fileRef = B1A6828426260ADD00D9E902 /* AddWordView.swift */; };
		B1A6828C26260B4400D9E902 /* Constants.swift in Sources */ = {isa = PBXBuildFile; fileRef = B1A6828B26260B4400D9E902 /* Constants.swift */; };
		B1A6828D26260B4400D9E902 /* Constants.swift in Sources */ = {isa = PBXBuildFile; fileRef = B1A6828B26260B4400D9E902 /* Constants.swift */; };
		B1A682AE2626DF7B00D9E902 /* Colors.swift in Sources */ = {isa = PBXBuildFile; fileRef = B1A682AC2626DF7B00D9E902 /* Colors.swift */; };
		B1A682AF2626DF7B00D9E902 /* Colors.swift in Sources */ = {isa = PBXBuildFile; fileRef = B1A682AC2626DF7B00D9E902 /* Colors.swift */; };
		B1A682B02626DF7B00D9E902 /* Color.xcassets in Resources */ = {isa = PBXBuildFile; fileRef = B1A682AD2626DF7B00D9E902 /* Color.xcassets */; };
		B1A682B12626DF7B00D9E902 /* Color.xcassets in Resources */ = {isa = PBXBuildFile; fileRef = B1A682AD2626DF7B00D9E902 /* Color.xcassets */; };
		B1A682BD2626EE1700D9E902 /* WidgetKit.framework in Frameworks */ = {isa = PBXBuildFile; fileRef = B1A682BC2626EE1700D9E902 /* WidgetKit.framework */; };
		B1A682BF2626EE1700D9E902 /* SwiftUI.framework in Frameworks */ = {isa = PBXBuildFile; fileRef = B1A682BE2626EE1700D9E902 /* SwiftUI.framework */; };
		B1A682C22626EE1700D9E902 /* LocutionWidget.swift in Sources */ = {isa = PBXBuildFile; fileRef = B1A682C12626EE1700D9E902 /* LocutionWidget.swift */; };
		B1A682C52626EE1A00D9E902 /* Assets.xcassets in Resources */ = {isa = PBXBuildFile; fileRef = B1A682C42626EE1A00D9E902 /* Assets.xcassets */; };
		B1A682C72626EE1A00D9E902 /* LocutionWidget.intentdefinition in Sources */ = {isa = PBXBuildFile; fileRef = B1A682C32626EE1700D9E902 /* LocutionWidget.intentdefinition */; };
		B1A682C82626EE1A00D9E902 /* LocutionWidget.intentdefinition in Sources */ = {isa = PBXBuildFile; fileRef = B1A682C32626EE1700D9E902 /* LocutionWidget.intentdefinition */; };
		B1A682CB2626EE1A00D9E902 /* LocutionWidgetExtension.appex in Embed App Extensions */ = {isa = PBXBuildFile; fileRef = B1A682BA2626EE1700D9E902 /* LocutionWidgetExtension.appex */; settings = {ATTRIBUTES = (RemoveHeadersOnCopy, ); }; };
		B1D18615263EF24600A85B1F /* WatermarkView.swift in Sources */ = {isa = PBXBuildFile; fileRef = B1D18614263EF24600A85B1F /* WatermarkView.swift */; };
		B1D18616263EF24600A85B1F /* WatermarkView.swift in Sources */ = {isa = PBXBuildFile; fileRef = B1D18614263EF24600A85B1F /* WatermarkView.swift */; };
/* End PBXBuildFile section */

/* Begin PBXContainerItemProxy section */
		B1992EA02625ABC5006D171B /* PBXContainerItemProxy */ = {
			isa = PBXContainerItemProxy;
			containerPortal = B1992E832625ABC2006D171B /* Project object */;
			proxyType = 1;
			remoteGlobalIDString = B1992E8E2625ABC5006D171B;
			remoteInfo = "Locution (iOS)";
		};
		B1992EAB2625ABC5006D171B /* PBXContainerItemProxy */ = {
			isa = PBXContainerItemProxy;
			containerPortal = B1992E832625ABC2006D171B /* Project object */;
			proxyType = 1;
			remoteGlobalIDString = B1992E962625ABC5006D171B;
			remoteInfo = "Locution (macOS)";
		};
		B1A682C92626EE1A00D9E902 /* PBXContainerItemProxy */ = {
			isa = PBXContainerItemProxy;
			containerPortal = B1992E832625ABC2006D171B /* Project object */;
			proxyType = 1;
			remoteGlobalIDString = B1A682B92626EE1700D9E902;
			remoteInfo = LocutionWidgetExtension;
		};
/* End PBXContainerItemProxy section */

/* Begin PBXCopyFilesBuildPhase section */
		B1A682CF2626EE1A00D9E902 /* Embed App Extensions */ = {
			isa = PBXCopyFilesBuildPhase;
			buildActionMask = 2147483647;
			dstPath = "";
			dstSubfolderSpec = 13;
			files = (
				B1A682CB2626EE1A00D9E902 /* LocutionWidgetExtension.appex in Embed App Extensions */,
			);
			name = "Embed App Extensions";
			runOnlyForDeploymentPostprocessing = 0;
		};
/* End PBXCopyFilesBuildPhase section */

/* Begin PBXFileReference section */
		B1958CCA26401970007DAF53 /* WordDetailView.swift */ = {isa = PBXFileReference; lastKnownFileType = sourcecode.swift; path = WordDetailView.swift; sourceTree = "<group>"; };
		B1992E882625ABC3006D171B /* LocutionApp.swift */ = {isa = PBXFileReference; lastKnownFileType = sourcecode.swift; path = LocutionApp.swift; sourceTree = "<group>"; };
		B1992E892625ABC3006D171B /* LocutionList.swift */ = {isa = PBXFileReference; lastKnownFileType = sourcecode.swift; path = LocutionList.swift; sourceTree = "<group>"; };
		B1992E8A2625ABC5006D171B /* Assets.xcassets */ = {isa = PBXFileReference; lastKnownFileType = folder.assetcatalog; path = Assets.xcassets; sourceTree = "<group>"; };
		B1992E8F2625ABC5006D171B /* Locution.app */ = {isa = PBXFileReference; explicitFileType = wrapper.application; includeInIndex = 0; path = Locution.app; sourceTree = BUILT_PRODUCTS_DIR; };
		B1992E922625ABC5006D171B /* Info.plist */ = {isa = PBXFileReference; lastKnownFileType = text.plist.xml; path = Info.plist; sourceTree = "<group>"; };
		B1992E972625ABC5006D171B /* Locution.app */ = {isa = PBXFileReference; explicitFileType = wrapper.application; includeInIndex = 0; path = Locution.app; sourceTree = BUILT_PRODUCTS_DIR; };
		B1992E992625ABC5006D171B /* Info.plist */ = {isa = PBXFileReference; lastKnownFileType = text.plist.xml; path = Info.plist; sourceTree = "<group>"; };
		B1992E9A2625ABC5006D171B /* macOS.entitlements */ = {isa = PBXFileReference; lastKnownFileType = text.plist.entitlements; path = macOS.entitlements; sourceTree = "<group>"; };
		B1992E9F2625ABC5006D171B /* Tests iOS.xctest */ = {isa = PBXFileReference; explicitFileType = wrapper.cfbundle; includeInIndex = 0; path = "Tests iOS.xctest"; sourceTree = BUILT_PRODUCTS_DIR; };
		B1992EA32625ABC5006D171B /* Tests_iOS.swift */ = {isa = PBXFileReference; lastKnownFileType = sourcecode.swift; path = Tests_iOS.swift; sourceTree = "<group>"; };
		B1992EA52625ABC5006D171B /* Info.plist */ = {isa = PBXFileReference; lastKnownFileType = text.plist.xml; path = Info.plist; sourceTree = "<group>"; };
		B1992EAA2625ABC5006D171B /* Tests macOS.xctest */ = {isa = PBXFileReference; explicitFileType = wrapper.cfbundle; includeInIndex = 0; path = "Tests macOS.xctest"; sourceTree = BUILT_PRODUCTS_DIR; };
		B1992EAE2625ABC5006D171B /* Tests_macOS.swift */ = {isa = PBXFileReference; lastKnownFileType = sourcecode.swift; path = Tests_macOS.swift; sourceTree = "<group>"; };
		B1992EB02625ABC5006D171B /* Info.plist */ = {isa = PBXFileReference; lastKnownFileType = text.plist.xml; path = Info.plist; sourceTree = "<group>"; };
		B1992ECA2625AC02006D171B /* Words.xcdatamodel */ = {isa = PBXFileReference; lastKnownFileType = wrapper.xcdatamodel; path = Words.xcdatamodel; sourceTree = "<group>"; };
		B1992ED12625AC6C006D171B /* AppViewModel.swift */ = {isa = PBXFileReference; lastKnownFileType = sourcecode.swift; path = AppViewModel.swift; sourceTree = "<group>"; };
		B1992ED82625AC79006D171B /* Words.swift */ = {isa = PBXFileReference; lastKnownFileType = sourcecode.swift; path = Words.swift; sourceTree = "<group>"; };
		B1992EDF2625AD98006D171B /* Persistance.swift */ = {isa = PBXFileReference; lastKnownFileType = sourcecode.swift; path = Persistance.swift; sourceTree = "<group>"; };
		B1A6828426260ADD00D9E902 /* AddWordView.swift */ = {isa = PBXFileReference; lastKnownFileType = sourcecode.swift; path = AddWordView.swift; sourceTree = "<group>"; };
		B1A6828B26260B4400D9E902 /* Constants.swift */ = {isa = PBXFileReference; fileEncoding = 4; lastKnownFileType = sourcecode.swift; path = Constants.swift; sourceTree = "<group>"; };
		B1A682AC2626DF7B00D9E902 /* Colors.swift */ = {isa = PBXFileReference; fileEncoding = 4; lastKnownFileType = sourcecode.swift; path = Colors.swift; sourceTree = "<group>"; };
		B1A682AD2626DF7B00D9E902 /* Color.xcassets */ = {isa = PBXFileReference; lastKnownFileType = folder.assetcatalog; path = Color.xcassets; sourceTree = "<group>"; };
		B1A682BA2626EE1700D9E902 /* LocutionWidgetExtension.appex */ = {isa = PBXFileReference; explicitFileType = "wrapper.app-extension"; includeInIndex = 0; path = LocutionWidgetExtension.appex; sourceTree = BUILT_PRODUCTS_DIR; };
		B1A682BC2626EE1700D9E902 /* WidgetKit.framework */ = {isa = PBXFileReference; lastKnownFileType = wrapper.framework; name = WidgetKit.framework; path = System/Library/Frameworks/WidgetKit.framework; sourceTree = SDKROOT; };
		B1A682BE2626EE1700D9E902 /* SwiftUI.framework */ = {isa = PBXFileReference; lastKnownFileType = wrapper.framework; name = SwiftUI.framework; path = System/Library/Frameworks/SwiftUI.framework; sourceTree = SDKROOT; };
		B1A682C12626EE1700D9E902 /* LocutionWidget.swift */ = {isa = PBXFileReference; lastKnownFileType = sourcecode.swift; path = LocutionWidget.swift; sourceTree = "<group>"; };
		B1A682C32626EE1700D9E902 /* LocutionWidget.intentdefinition */ = {isa = PBXFileReference; lastKnownFileType = file.intentdefinition; path = LocutionWidget.intentdefinition; sourceTree = "<group>"; };
		B1A682C42626EE1A00D9E902 /* Assets.xcassets */ = {isa = PBXFileReference; lastKnownFileType = folder.assetcatalog; path = Assets.xcassets; sourceTree = "<group>"; };
		B1A682C62626EE1A00D9E902 /* Info.plist */ = {isa = PBXFileReference; lastKnownFileType = text.plist.xml; path = Info.plist; sourceTree = "<group>"; };
		B1D18614263EF24600A85B1F /* WatermarkView.swift */ = {isa = PBXFileReference; lastKnownFileType = sourcecode.swift; path = WatermarkView.swift; sourceTree = "<group>"; };
/* End PBXFileReference section */

/* Begin PBXFrameworksBuildPhase section */
		B1992E8C2625ABC5006D171B /* Frameworks */ = {
			isa = PBXFrameworksBuildPhase;
			buildActionMask = 2147483647;
			files = (
			);
			runOnlyForDeploymentPostprocessing = 0;
		};
		B1992E942625ABC5006D171B /* Frameworks */ = {
			isa = PBXFrameworksBuildPhase;
			buildActionMask = 2147483647;
			files = (
			);
			runOnlyForDeploymentPostprocessing = 0;
		};
		B1992E9C2625ABC5006D171B /* Frameworks */ = {
			isa = PBXFrameworksBuildPhase;
			buildActionMask = 2147483647;
			files = (
			);
			runOnlyForDeploymentPostprocessing = 0;
		};
		B1992EA72625ABC5006D171B /* Frameworks */ = {
			isa = PBXFrameworksBuildPhase;
			buildActionMask = 2147483647;
			files = (
			);
			runOnlyForDeploymentPostprocessing = 0;
		};
		B1A682B72626EE1700D9E902 /* Frameworks */ = {
			isa = PBXFrameworksBuildPhase;
			buildActionMask = 2147483647;
			files = (
				B1A682BF2626EE1700D9E902 /* SwiftUI.framework in Frameworks */,
				B1A682BD2626EE1700D9E902 /* WidgetKit.framework in Frameworks */,
			);
			runOnlyForDeploymentPostprocessing = 0;
		};
/* End PBXFrameworksBuildPhase section */

/* Begin PBXGroup section */
		B1992E822625ABC2006D171B = {
			isa = PBXGroup;
			children = (
				B1992E872625ABC3006D171B /* Shared */,
				B1992E912625ABC5006D171B /* iOS */,
				B1992E982625ABC5006D171B /* macOS */,
				B1992EA22625ABC5006D171B /* Tests iOS */,
				B1992EAD2625ABC5006D171B /* Tests macOS */,
				B1A682C02626EE1700D9E902 /* LocutionWidget */,
				B1A682BB2626EE1700D9E902 /* Frameworks */,
				B1992E902625ABC5006D171B /* Products */,
			);
			sourceTree = "<group>";
		};
		B1992E872625ABC3006D171B /* Shared */ = {
			isa = PBXGroup;
			children = (
				B1992EEB2625B75F006D171B /* App */,
				B1992EEA2625B753006D171B /* CoreDataDB */,
				B1992EE92625B74C006D171B /* Utils */,
				B1992EE82625B744006D171B /* Models */,
				B1992EE72625B73B006D171B /* ViewModels */,
				B1992EE62625B730006D171B /* Views */,
			);
			path = Shared;
			sourceTree = "<group>";
		};
		B1992E902625ABC5006D171B /* Products */ = {
			isa = PBXGroup;
			children = (
				B1992E8F2625ABC5006D171B /* Locution.app */,
				B1992E972625ABC5006D171B /* Locution.app */,
				B1992E9F2625ABC5006D171B /* Tests iOS.xctest */,
				B1992EAA2625ABC5006D171B /* Tests macOS.xctest */,
				B1A682BA2626EE1700D9E902 /* LocutionWidgetExtension.appex */,
			);
			name = Products;
			sourceTree = "<group>";
		};
		B1992E912625ABC5006D171B /* iOS */ = {
			isa = PBXGroup;
			children = (
				B1992E922625ABC5006D171B /* Info.plist */,
			);
			path = iOS;
			sourceTree = "<group>";
		};
		B1992E982625ABC5006D171B /* macOS */ = {
			isa = PBXGroup;
			children = (
				B1992E992625ABC5006D171B /* Info.plist */,
				B1992E9A2625ABC5006D171B /* macOS.entitlements */,
			);
			path = macOS;
			sourceTree = "<group>";
		};
		B1992EA22625ABC5006D171B /* Tests iOS */ = {
			isa = PBXGroup;
			children = (
				B1992EA32625ABC5006D171B /* Tests_iOS.swift */,
				B1992EA52625ABC5006D171B /* Info.plist */,
			);
			path = "Tests iOS";
			sourceTree = "<group>";
		};
		B1992EAD2625ABC5006D171B /* Tests macOS */ = {
			isa = PBXGroup;
			children = (
				B1992EAE2625ABC5006D171B /* Tests_macOS.swift */,
				B1992EB02625ABC5006D171B /* Info.plist */,
			);
			path = "Tests macOS";
			sourceTree = "<group>";
		};
		B1992EE62625B730006D171B /* Views */ = {
			isa = PBXGroup;
			children = (
				B1992E892625ABC3006D171B /* LocutionList.swift */,
				B1A6828426260ADD00D9E902 /* AddWordView.swift */,
				B1D18614263EF24600A85B1F /* WatermarkView.swift */,
				B1958CCA26401970007DAF53 /* WordDetailView.swift */,
			);
			path = Views;
			sourceTree = "<group>";
		};
		B1992EE72625B73B006D171B /* ViewModels */ = {
			isa = PBXGroup;
			children = (
				B1992ED12625AC6C006D171B /* AppViewModel.swift */,
			);
			path = ViewModels;
			sourceTree = "<group>";
		};
		B1992EE82625B744006D171B /* Models */ = {
			isa = PBXGroup;
			children = (
				B1992ED82625AC79006D171B /* Words.swift */,
			);
			name = Models;
			sourceTree = "<group>";
		};
		B1992EE92625B74C006D171B /* Utils */ = {
			isa = PBXGroup;
			children = (
				B1A682AD2626DF7B00D9E902 /* Color.xcassets */,
				B1A682AC2626DF7B00D9E902 /* Colors.swift */,
				B1A6828B26260B4400D9E902 /* Constants.swift */,
				B1992E8A2625ABC5006D171B /* Assets.xcassets */,
			);
			path = Utils;
			sourceTree = "<group>";
		};
		B1992EEA2625B753006D171B /* CoreDataDB */ = {
			isa = PBXGroup;
			children = (
				B1992EDF2625AD98006D171B /* Persistance.swift */,
				B1992EC92625AC02006D171B /* Words.xcdatamodeld */,
			);
			path = CoreDataDB;
			sourceTree = "<group>";
		};
		B1992EEB2625B75F006D171B /* App */ = {
			isa = PBXGroup;
			children = (
				B1992E882625ABC3006D171B /* LocutionApp.swift */,
			);
			path = App;
			sourceTree = "<group>";
		};
		B1A682BB2626EE1700D9E902 /* Frameworks */ = {
			isa = PBXGroup;
			children = (
				B1A682BC2626EE1700D9E902 /* WidgetKit.framework */,
				B1A682BE2626EE1700D9E902 /* SwiftUI.framework */,
			);
			name = Frameworks;
			sourceTree = "<group>";
		};
		B1A682C02626EE1700D9E902 /* LocutionWidget */ = {
			isa = PBXGroup;
			children = (
				B1A682C12626EE1700D9E902 /* LocutionWidget.swift */,
				B1A682C32626EE1700D9E902 /* LocutionWidget.intentdefinition */,
				B1A682C42626EE1A00D9E902 /* Assets.xcassets */,
				B1A682C62626EE1A00D9E902 /* Info.plist */,
			);
			path = LocutionWidget;
			sourceTree = "<group>";
		};
/* End PBXGroup section */

/* Begin PBXNativeTarget section */
		B1992E8E2625ABC5006D171B /* Locution (iOS) */ = {
			isa = PBXNativeTarget;
			buildConfigurationList = B1992EB92625ABC5006D171B /* Build configuration list for PBXNativeTarget "Locution (iOS)" */;
			buildPhases = (
				B1992E8B2625ABC5006D171B /* Sources */,
				B1992E8C2625ABC5006D171B /* Frameworks */,
				B1992E8D2625ABC5006D171B /* Resources */,
				B1A682CF2626EE1A00D9E902 /* Embed App Extensions */,
			);
			buildRules = (
			);
			dependencies = (
				B1A682CA2626EE1A00D9E902 /* PBXTargetDependency */,
			);
			name = "Locution (iOS)";
			productName = "Locution (iOS)";
			productReference = B1992E8F2625ABC5006D171B /* Locution.app */;
			productType = "com.apple.product-type.application";
		};
		B1992E962625ABC5006D171B /* Locution (macOS) */ = {
			isa = PBXNativeTarget;
			buildConfigurationList = B1992EBC2625ABC5006D171B /* Build configuration list for PBXNativeTarget "Locution (macOS)" */;
			buildPhases = (
				B1992E932625ABC5006D171B /* Sources */,
				B1992E942625ABC5006D171B /* Frameworks */,
				B1992E952625ABC5006D171B /* Resources */,
			);
			buildRules = (
			);
			dependencies = (
			);
			name = "Locution (macOS)";
			productName = "Locution (macOS)";
			productReference = B1992E972625ABC5006D171B /* Locution.app */;
			productType = "com.apple.product-type.application";
		};
		B1992E9E2625ABC5006D171B /* Tests iOS */ = {
			isa = PBXNativeTarget;
			buildConfigurationList = B1992EBF2625ABC5006D171B /* Build configuration list for PBXNativeTarget "Tests iOS" */;
			buildPhases = (
				B1992E9B2625ABC5006D171B /* Sources */,
				B1992E9C2625ABC5006D171B /* Frameworks */,
				B1992E9D2625ABC5006D171B /* Resources */,
			);
			buildRules = (
			);
			dependencies = (
				B1992EA12625ABC5006D171B /* PBXTargetDependency */,
			);
			name = "Tests iOS";
			productName = "Tests iOS";
			productReference = B1992E9F2625ABC5006D171B /* Tests iOS.xctest */;
			productType = "com.apple.product-type.bundle.ui-testing";
		};
		B1992EA92625ABC5006D171B /* Tests macOS */ = {
			isa = PBXNativeTarget;
			buildConfigurationList = B1992EC22625ABC5006D171B /* Build configuration list for PBXNativeTarget "Tests macOS" */;
			buildPhases = (
				B1992EA62625ABC5006D171B /* Sources */,
				B1992EA72625ABC5006D171B /* Frameworks */,
				B1992EA82625ABC5006D171B /* Resources */,
			);
			buildRules = (
			);
			dependencies = (
				B1992EAC2625ABC5006D171B /* PBXTargetDependency */,
			);
			name = "Tests macOS";
			productName = "Tests macOS";
			productReference = B1992EAA2625ABC5006D171B /* Tests macOS.xctest */;
			productType = "com.apple.product-type.bundle.ui-testing";
		};
		B1A682B92626EE1700D9E902 /* LocutionWidgetExtension */ = {
			isa = PBXNativeTarget;
			buildConfigurationList = B1A682CC2626EE1A00D9E902 /* Build configuration list for PBXNativeTarget "LocutionWidgetExtension" */;
			buildPhases = (
				B1A682B62626EE1700D9E902 /* Sources */,
				B1A682B72626EE1700D9E902 /* Frameworks */,
				B1A682B82626EE1700D9E902 /* Resources */,
			);
			buildRules = (
			);
			dependencies = (
			);
			name = LocutionWidgetExtension;
			productName = LocutionWidgetExtension;
			productReference = B1A682BA2626EE1700D9E902 /* LocutionWidgetExtension.appex */;
			productType = "com.apple.product-type.app-extension";
		};
/* End PBXNativeTarget section */

/* Begin PBXProject section */
		B1992E832625ABC2006D171B /* Project object */ = {
			isa = PBXProject;
			attributes = {
				LastSwiftUpdateCheck = 1240;
				LastUpgradeCheck = 1240;
				TargetAttributes = {
					B1992E8E2625ABC5006D171B = {
						CreatedOnToolsVersion = 12.4;
					};
					B1992E962625ABC5006D171B = {
						CreatedOnToolsVersion = 12.4;
					};
					B1992E9E2625ABC5006D171B = {
						CreatedOnToolsVersion = 12.4;
						TestTargetID = B1992E8E2625ABC5006D171B;
					};
					B1992EA92625ABC5006D171B = {
						CreatedOnToolsVersion = 12.4;
						TestTargetID = B1992E962625ABC5006D171B;
					};
					B1A682B92626EE1700D9E902 = {
						CreatedOnToolsVersion = 12.4;
					};
				};
			};
			buildConfigurationList = B1992E862625ABC2006D171B /* Build configuration list for PBXProject "Locution" */;
			compatibilityVersion = "Xcode 9.3";
			developmentRegion = en;
			hasScannedForEncodings = 0;
			knownRegions = (
				en,
				Base,
			);
			mainGroup = B1992E822625ABC2006D171B;
			productRefGroup = B1992E902625ABC5006D171B /* Products */;
			projectDirPath = "";
			projectRoot = "";
			targets = (
				B1992E8E2625ABC5006D171B /* Locution (iOS) */,
				B1992E962625ABC5006D171B /* Locution (macOS) */,
				B1992E9E2625ABC5006D171B /* Tests iOS */,
				B1992EA92625ABC5006D171B /* Tests macOS */,
				B1A682B92626EE1700D9E902 /* LocutionWidgetExtension */,
			);
		};
/* End PBXProject section */

/* Begin PBXResourcesBuildPhase section */
		B1992E8D2625ABC5006D171B /* Resources */ = {
			isa = PBXResourcesBuildPhase;
			buildActionMask = 2147483647;
			files = (
				B1992EB52625ABC5006D171B /* Assets.xcassets in Resources */,
				B1A682B02626DF7B00D9E902 /* Color.xcassets in Resources */,
			);
			runOnlyForDeploymentPostprocessing = 0;
		};
		B1992E952625ABC5006D171B /* Resources */ = {
			isa = PBXResourcesBuildPhase;
			buildActionMask = 2147483647;
			files = (
				B1992EB62625ABC5006D171B /* Assets.xcassets in Resources */,
				B1A682B12626DF7B00D9E902 /* Color.xcassets in Resources */,
			);
			runOnlyForDeploymentPostprocessing = 0;
		};
		B1992E9D2625ABC5006D171B /* Resources */ = {
			isa = PBXResourcesBuildPhase;
			buildActionMask = 2147483647;
			files = (
			);
			runOnlyForDeploymentPostprocessing = 0;
		};
		B1992EA82625ABC5006D171B /* Resources */ = {
			isa = PBXResourcesBuildPhase;
			buildActionMask = 2147483647;
			files = (
			);
			runOnlyForDeploymentPostprocessing = 0;
		};
		B1A682B82626EE1700D9E902 /* Resources */ = {
			isa = PBXResourcesBuildPhase;
			buildActionMask = 2147483647;
			files = (
				B1A682C52626EE1A00D9E902 /* Assets.xcassets in Resources */,
			);
			runOnlyForDeploymentPostprocessing = 0;
		};
/* End PBXResourcesBuildPhase section */

/* Begin PBXSourcesBuildPhase section */
		B1992E8B2625ABC5006D171B /* Sources */ = {
			isa = PBXSourcesBuildPhase;
			buildActionMask = 2147483647;
			files = (
				B1992EB32625ABC5006D171B /* LocutionList.swift in Sources */,
				B1A682AE2626DF7B00D9E902 /* Colors.swift in Sources */,
				B1992ECB2625AC02006D171B /* Words.xcdatamodeld in Sources */,
				B1A682C82626EE1A00D9E902 /* LocutionWidget.intentdefinition in Sources */,
				B1992ED22625AC6C006D171B /* AppViewModel.swift in Sources */,
				B1992ED92625AC79006D171B /* Words.swift in Sources */,
				B1D18615263EF24600A85B1F /* WatermarkView.swift in Sources */,
				B1992EB12625ABC5006D171B /* LocutionApp.swift in Sources */,
				B1A6828526260ADD00D9E902 /* AddWordView.swift in Sources */,
				B1958CCB26401970007DAF53 /* WordDetailView.swift in Sources */,
				B1992EE02625AD98006D171B /* Persistance.swift in Sources */,
				B1A6828C26260B4400D9E902 /* Constants.swift in Sources */,
			);
			runOnlyForDeploymentPostprocessing = 0;
		};
		B1992E932625ABC5006D171B /* Sources */ = {
			isa = PBXSourcesBuildPhase;
			buildActionMask = 2147483647;
			files = (
				B1992EB42625ABC5006D171B /* LocutionList.swift in Sources */,
				B1A682AF2626DF7B00D9E902 /* Colors.swift in Sources */,
				B1992ECC2625AC02006D171B /* Words.xcdatamodeld in Sources */,
				B1958CCC26401970007DAF53 /* WordDetailView.swift in Sources */,
				B1D18616263EF24600A85B1F /* WatermarkView.swift in Sources */,
				B1992ED32625AC6C006D171B /* AppViewModel.swift in Sources */,
				B1992EDA2625AC79006D171B /* Words.swift in Sources */,
				B1992EB22625ABC5006D171B /* LocutionApp.swift in Sources */,
				B1A6828626260ADD00D9E902 /* AddWordView.swift in Sources */,
				B1992EE12625AD98006D171B /* Persistance.swift in Sources */,
				B1A6828D26260B4400D9E902 /* Constants.swift in Sources */,
			);
			runOnlyForDeploymentPostprocessing = 0;
		};
		B1992E9B2625ABC5006D171B /* Sources */ = {
			isa = PBXSourcesBuildPhase;
			buildActionMask = 2147483647;
			files = (
				B1992EA42625ABC5006D171B /* Tests_iOS.swift in Sources */,
			);
			runOnlyForDeploymentPostprocessing = 0;
		};
		B1992EA62625ABC5006D171B /* Sources */ = {
			isa = PBXSourcesBuildPhase;
			buildActionMask = 2147483647;
			files = (
				B1992EAF2625ABC5006D171B /* Tests_macOS.swift in Sources */,
			);
			runOnlyForDeploymentPostprocessing = 0;
		};
		B1A682B62626EE1700D9E902 /* Sources */ = {
			isa = PBXSourcesBuildPhase;
			buildActionMask = 2147483647;
			files = (
				B1A682C22626EE1700D9E902 /* LocutionWidget.swift in Sources */,
				B1A682C72626EE1A00D9E902 /* LocutionWidget.intentdefinition in Sources */,
			);
			runOnlyForDeploymentPostprocessing = 0;
		};
/* End PBXSourcesBuildPhase section */

/* Begin PBXTargetDependency section */
		B1992EA12625ABC5006D171B /* PBXTargetDependency */ = {
			isa = PBXTargetDependency;
			target = B1992E8E2625ABC5006D171B /* Locution (iOS) */;
			targetProxy = B1992EA02625ABC5006D171B /* PBXContainerItemProxy */;
		};
		B1992EAC2625ABC5006D171B /* PBXTargetDependency */ = {
			isa = PBXTargetDependency;
			target = B1992E962625ABC5006D171B /* Locution (macOS) */;
			targetProxy = B1992EAB2625ABC5006D171B /* PBXContainerItemProxy */;
		};
		B1A682CA2626EE1A00D9E902 /* PBXTargetDependency */ = {
			isa = PBXTargetDependency;
			target = B1A682B92626EE1700D9E902 /* LocutionWidgetExtension */;
			targetProxy = B1A682C92626EE1A00D9E902 /* PBXContainerItemProxy */;
		};
/* End PBXTargetDependency section */

/* Begin XCBuildConfiguration section */
		B1992EB72625ABC5006D171B /* Debug */ = {
			isa = XCBuildConfiguration;
			buildSettings = {
				ALWAYS_SEARCH_USER_PATHS = NO;
				CLANG_ANALYZER_NONNULL = YES;
				CLANG_ANALYZER_NUMBER_OBJECT_CONVERSION = YES_AGGRESSIVE;
				CLANG_CXX_LANGUAGE_STANDARD = "gnu++14";
				CLANG_CXX_LIBRARY = "libc++";
				CLANG_ENABLE_MODULES = YES;
				CLANG_ENABLE_OBJC_ARC = YES;
				CLANG_ENABLE_OBJC_WEAK = YES;
				CLANG_WARN_BLOCK_CAPTURE_AUTORELEASING = YES;
				CLANG_WARN_BOOL_CONVERSION = YES;
				CLANG_WARN_COMMA = YES;
				CLANG_WARN_CONSTANT_CONVERSION = YES;
				CLANG_WARN_DEPRECATED_OBJC_IMPLEMENTATIONS = YES;
				CLANG_WARN_DIRECT_OBJC_ISA_USAGE = YES_ERROR;
				CLANG_WARN_DOCUMENTATION_COMMENTS = YES;
				CLANG_WARN_EMPTY_BODY = YES;
				CLANG_WARN_ENUM_CONVERSION = YES;
				CLANG_WARN_INFINITE_RECURSION = YES;
				CLANG_WARN_INT_CONVERSION = YES;
				CLANG_WARN_NON_LITERAL_NULL_CONVERSION = YES;
				CLANG_WARN_OBJC_IMPLICIT_RETAIN_SELF = YES;
				CLANG_WARN_OBJC_LITERAL_CONVERSION = YES;
				CLANG_WARN_OBJC_ROOT_CLASS = YES_ERROR;
				CLANG_WARN_QUOTED_INCLUDE_IN_FRAMEWORK_HEADER = YES;
				CLANG_WARN_RANGE_LOOP_ANALYSIS = YES;
				CLANG_WARN_STRICT_PROTOTYPES = YES;
				CLANG_WARN_SUSPICIOUS_MOVE = YES;
				CLANG_WARN_UNGUARDED_AVAILABILITY = YES_AGGRESSIVE;
				CLANG_WARN_UNREACHABLE_CODE = YES;
				CLANG_WARN__DUPLICATE_METHOD_MATCH = YES;
				COPY_PHASE_STRIP = NO;
				DEBUG_INFORMATION_FORMAT = dwarf;
				ENABLE_STRICT_OBJC_MSGSEND = YES;
				ENABLE_TESTABILITY = YES;
				GCC_C_LANGUAGE_STANDARD = gnu11;
				GCC_DYNAMIC_NO_PIC = NO;
				GCC_NO_COMMON_BLOCKS = YES;
				GCC_OPTIMIZATION_LEVEL = 0;
				GCC_PREPROCESSOR_DEFINITIONS = (
					"DEBUG=1",
					"$(inherited)",
				);
				GCC_WARN_64_TO_32_BIT_CONVERSION = YES;
				GCC_WARN_ABOUT_RETURN_TYPE = YES_ERROR;
				GCC_WARN_UNDECLARED_SELECTOR = YES;
				GCC_WARN_UNINITIALIZED_AUTOS = YES_AGGRESSIVE;
				GCC_WARN_UNUSED_FUNCTION = YES;
				GCC_WARN_UNUSED_VARIABLE = YES;
				MTL_ENABLE_DEBUG_INFO = INCLUDE_SOURCE;
				MTL_FAST_MATH = YES;
				ONLY_ACTIVE_ARCH = YES;
				SWIFT_ACTIVE_COMPILATION_CONDITIONS = DEBUG;
				SWIFT_OPTIMIZATION_LEVEL = "-Onone";
			};
			name = Debug;
		};
		B1992EB82625ABC5006D171B /* Release */ = {
			isa = XCBuildConfiguration;
			buildSettings = {
				ALWAYS_SEARCH_USER_PATHS = NO;
				CLANG_ANALYZER_NONNULL = YES;
				CLANG_ANALYZER_NUMBER_OBJECT_CONVERSION = YES_AGGRESSIVE;
				CLANG_CXX_LANGUAGE_STANDARD = "gnu++14";
				CLANG_CXX_LIBRARY = "libc++";
				CLANG_ENABLE_MODULES = YES;
				CLANG_ENABLE_OBJC_ARC = YES;
				CLANG_ENABLE_OBJC_WEAK = YES;
				CLANG_WARN_BLOCK_CAPTURE_AUTORELEASING = YES;
				CLANG_WARN_BOOL_CONVERSION = YES;
				CLANG_WARN_COMMA = YES;
				CLANG_WARN_CONSTANT_CONVERSION = YES;
				CLANG_WARN_DEPRECATED_OBJC_IMPLEMENTATIONS = YES;
				CLANG_WARN_DIRECT_OBJC_ISA_USAGE = YES_ERROR;
				CLANG_WARN_DOCUMENTATION_COMMENTS = YES;
				CLANG_WARN_EMPTY_BODY = YES;
				CLANG_WARN_ENUM_CONVERSION = YES;
				CLANG_WARN_INFINITE_RECURSION = YES;
				CLANG_WARN_INT_CONVERSION = YES;
				CLANG_WARN_NON_LITERAL_NULL_CONVERSION = YES;
				CLANG_WARN_OBJC_IMPLICIT_RETAIN_SELF = YES;
				CLANG_WARN_OBJC_LITERAL_CONVERSION = YES;
				CLANG_WARN_OBJC_ROOT_CLASS = YES_ERROR;
				CLANG_WARN_QUOTED_INCLUDE_IN_FRAMEWORK_HEADER = YES;
				CLANG_WARN_RANGE_LOOP_ANALYSIS = YES;
				CLANG_WARN_STRICT_PROTOTYPES = YES;
				CLANG_WARN_SUSPICIOUS_MOVE = YES;
				CLANG_WARN_UNGUARDED_AVAILABILITY = YES_AGGRESSIVE;
				CLANG_WARN_UNREACHABLE_CODE = YES;
				CLANG_WARN__DUPLICATE_METHOD_MATCH = YES;
				COPY_PHASE_STRIP = NO;
				DEBUG_INFORMATION_FORMAT = "dwarf-with-dsym";
				ENABLE_NS_ASSERTIONS = NO;
				ENABLE_STRICT_OBJC_MSGSEND = YES;
				GCC_C_LANGUAGE_STANDARD = gnu11;
				GCC_NO_COMMON_BLOCKS = YES;
				GCC_WARN_64_TO_32_BIT_CONVERSION = YES;
				GCC_WARN_ABOUT_RETURN_TYPE = YES_ERROR;
				GCC_WARN_UNDECLARED_SELECTOR = YES;
				GCC_WARN_UNINITIALIZED_AUTOS = YES_AGGRESSIVE;
				GCC_WARN_UNUSED_FUNCTION = YES;
				GCC_WARN_UNUSED_VARIABLE = YES;
				MTL_ENABLE_DEBUG_INFO = NO;
				MTL_FAST_MATH = YES;
				SWIFT_COMPILATION_MODE = wholemodule;
				SWIFT_OPTIMIZATION_LEVEL = "-O";
			};
			name = Release;
		};
		B1992EBA2625ABC5006D171B /* Debug */ = {
			isa = XCBuildConfiguration;
			buildSettings = {
				ALWAYS_EMBED_SWIFT_STANDARD_LIBRARIES = YES;
				ASSETCATALOG_COMPILER_APPICON_NAME = AppIcon;
				ASSETCATALOG_COMPILER_GLOBAL_ACCENT_COLOR_NAME = AccentColor;
				CODE_SIGN_STYLE = Automatic;
				DEVELOPMENT_TEAM = A3KA6C6N4B;
				ENABLE_PREVIEWS = YES;
				INFOPLIST_FILE = iOS/Info.plist;
				IPHONEOS_DEPLOYMENT_TARGET = 14.0;
				LD_RUNPATH_SEARCH_PATHS = (
					"$(inherited)",
					"@executable_path/Frameworks",
				);
				PRODUCT_BUNDLE_IDENTIFIER = com.pratyush.Locution;
				PRODUCT_NAME = Locution;
				SDKROOT = iphoneos;
				SWIFT_VERSION = 5.0;
				TARGETED_DEVICE_FAMILY = "1,2";
			};
			name = Debug;
		};
		B1992EBB2625ABC5006D171B /* Release */ = {
			isa = XCBuildConfiguration;
			buildSettings = {
				ALWAYS_EMBED_SWIFT_STANDARD_LIBRARIES = YES;
				ASSETCATALOG_COMPILER_APPICON_NAME = AppIcon;
				ASSETCATALOG_COMPILER_GLOBAL_ACCENT_COLOR_NAME = AccentColor;
				CODE_SIGN_STYLE = Automatic;
				DEVELOPMENT_TEAM = A3KA6C6N4B;
				ENABLE_PREVIEWS = YES;
				INFOPLIST_FILE = iOS/Info.plist;
				IPHONEOS_DEPLOYMENT_TARGET = 14.0;
				LD_RUNPATH_SEARCH_PATHS = (
					"$(inherited)",
					"@executable_path/Frameworks",
				);
				PRODUCT_BUNDLE_IDENTIFIER = com.pratyush.Locution;
				PRODUCT_NAME = Locution;
				SDKROOT = iphoneos;
				SWIFT_VERSION = 5.0;
				TARGETED_DEVICE_FAMILY = "1,2";
				VALIDATE_PRODUCT = YES;
			};
			name = Release;
		};
		B1992EBD2625ABC5006D171B /* Debug */ = {
			isa = XCBuildConfiguration;
			buildSettings = {
				ASSETCATALOG_COMPILER_APPICON_NAME = AppIcon;
				ASSETCATALOG_COMPILER_GLOBAL_ACCENT_COLOR_NAME = AccentColor;
				CODE_SIGN_ENTITLEMENTS = macOS/macOS.entitlements;
				CODE_SIGN_STYLE = Automatic;
				COMBINE_HIDPI_IMAGES = YES;
				DEVELOPMENT_TEAM = A3KA6C6N4B;
				ENABLE_HARDENED_RUNTIME = YES;
				ENABLE_PREVIEWS = YES;
				INFOPLIST_FILE = macOS/Info.plist;
				LD_RUNPATH_SEARCH_PATHS = (
					"$(inherited)",
					"@executable_path/../Frameworks",
				);
				MACOSX_DEPLOYMENT_TARGET = 11.0;
				PRODUCT_BUNDLE_IDENTIFIER = com.pratyush.Locution;
				PRODUCT_NAME = Locution;
				SDKROOT = macosx;
				SWIFT_VERSION = 5.0;
			};
			name = Debug;
		};
		B1992EBE2625ABC5006D171B /* Release */ = {
			isa = XCBuildConfiguration;
			buildSettings = {
				ASSETCATALOG_COMPILER_APPICON_NAME = AppIcon;
				ASSETCATALOG_COMPILER_GLOBAL_ACCENT_COLOR_NAME = AccentColor;
				CODE_SIGN_ENTITLEMENTS = macOS/macOS.entitlements;
				CODE_SIGN_STYLE = Automatic;
				COMBINE_HIDPI_IMAGES = YES;
				DEVELOPMENT_TEAM = A3KA6C6N4B;
				ENABLE_HARDENED_RUNTIME = YES;
				ENABLE_PREVIEWS = YES;
				INFOPLIST_FILE = macOS/Info.plist;
				LD_RUNPATH_SEARCH_PATHS = (
					"$(inherited)",
					"@executable_path/../Frameworks",
				);
				MACOSX_DEPLOYMENT_TARGET = 11.0;
				PRODUCT_BUNDLE_IDENTIFIER = com.pratyush.Locution;
				PRODUCT_NAME = Locution;
				SDKROOT = macosx;
				SWIFT_VERSION = 5.0;
			};
			name = Release;
		};
		B1992EC02625ABC5006D171B /* Debug */ = {
			isa = XCBuildConfiguration;
			buildSettings = {
				ALWAYS_EMBED_SWIFT_STANDARD_LIBRARIES = YES;
				CODE_SIGN_STYLE = Automatic;
				DEVELOPMENT_TEAM = A3KA6C6N4B;
				INFOPLIST_FILE = "Tests iOS/Info.plist";
				IPHONEOS_DEPLOYMENT_TARGET = 14.4;
				LD_RUNPATH_SEARCH_PATHS = (
					"$(inherited)",
					"@executable_path/Frameworks",
					"@loader_path/Frameworks",
				);
				PRODUCT_BUNDLE_IDENTIFIER = "com.pratyush.Tests-iOS";
				PRODUCT_NAME = "$(TARGET_NAME)";
				SDKROOT = iphoneos;
				SWIFT_VERSION = 5.0;
				TARGETED_DEVICE_FAMILY = "1,2";
				TEST_TARGET_NAME = "Locution (iOS)";
			};
			name = Debug;
		};
		B1992EC12625ABC5006D171B /* Release */ = {
			isa = XCBuildConfiguration;
			buildSettings = {
				ALWAYS_EMBED_SWIFT_STANDARD_LIBRARIES = YES;
				CODE_SIGN_STYLE = Automatic;
				DEVELOPMENT_TEAM = A3KA6C6N4B;
				INFOPLIST_FILE = "Tests iOS/Info.plist";
				IPHONEOS_DEPLOYMENT_TARGET = 14.4;
				LD_RUNPATH_SEARCH_PATHS = (
					"$(inherited)",
					"@executable_path/Frameworks",
					"@loader_path/Frameworks",
				);
				PRODUCT_BUNDLE_IDENTIFIER = "com.pratyush.Tests-iOS";
				PRODUCT_NAME = "$(TARGET_NAME)";
				SDKROOT = iphoneos;
				SWIFT_VERSION = 5.0;
				TARGETED_DEVICE_FAMILY = "1,2";
				TEST_TARGET_NAME = "Locution (iOS)";
				VALIDATE_PRODUCT = YES;
			};
			name = Release;
		};
		B1992EC32625ABC5006D171B /* Debug */ = {
			isa = XCBuildConfiguration;
			buildSettings = {
				ALWAYS_EMBED_SWIFT_STANDARD_LIBRARIES = YES;
				CODE_SIGN_STYLE = Automatic;
				COMBINE_HIDPI_IMAGES = YES;
				DEVELOPMENT_TEAM = A3KA6C6N4B;
				INFOPLIST_FILE = "Tests macOS/Info.plist";
				LD_RUNPATH_SEARCH_PATHS = (
					"$(inherited)",
					"@executable_path/../Frameworks",
					"@loader_path/../Frameworks",
				);
				MACOSX_DEPLOYMENT_TARGET = 11.1;
				PRODUCT_BUNDLE_IDENTIFIER = "com.pratyush.Tests-macOS";
				PRODUCT_NAME = "$(TARGET_NAME)";
				SDKROOT = macosx;
				SWIFT_VERSION = 5.0;
				TEST_TARGET_NAME = "Locution (macOS)";
			};
			name = Debug;
		};
		B1992EC42625ABC5006D171B /* Release */ = {
			isa = XCBuildConfiguration;
			buildSettings = {
				ALWAYS_EMBED_SWIFT_STANDARD_LIBRARIES = YES;
				CODE_SIGN_STYLE = Automatic;
				COMBINE_HIDPI_IMAGES = YES;
				DEVELOPMENT_TEAM = A3KA6C6N4B;
				INFOPLIST_FILE = "Tests macOS/Info.plist";
				LD_RUNPATH_SEARCH_PATHS = (
					"$(inherited)",
					"@executable_path/../Frameworks",
					"@loader_path/../Frameworks",
				);
				MACOSX_DEPLOYMENT_TARGET = 11.1;
				PRODUCT_BUNDLE_IDENTIFIER = "com.pratyush.Tests-macOS";
				PRODUCT_NAME = "$(TARGET_NAME)";
				SDKROOT = macosx;
				SWIFT_VERSION = 5.0;
				TEST_TARGET_NAME = "Locution (macOS)";
			};
			name = Release;
		};
		B1A682CD2626EE1A00D9E902 /* Debug */ = {
			isa = XCBuildConfiguration;
			buildSettings = {
				ASSETCATALOG_COMPILER_GLOBAL_ACCENT_COLOR_NAME = AccentColor;
				ASSETCATALOG_COMPILER_WIDGET_BACKGROUND_COLOR_NAME = WidgetBackground;
				CODE_SIGN_STYLE = Automatic;
				DEVELOPMENT_TEAM = A3KA6C6N4B;
				INFOPLIST_FILE = LocutionWidget/Info.plist;
				IPHONEOS_DEPLOYMENT_TARGET = 14.4;
				LD_RUNPATH_SEARCH_PATHS = (
					"$(inherited)",
					"@executable_path/Frameworks",
					"@executable_path/../../Frameworks",
				);
				PRODUCT_BUNDLE_IDENTIFIER = com.pratyush.Locution.LocutionWidget;
				PRODUCT_NAME = "$(TARGET_NAME)";
				SDKROOT = iphoneos;
				SKIP_INSTALL = YES;
				SWIFT_VERSION = 5.0;
				TARGETED_DEVICE_FAMILY = "1,2";
			};
			name = Debug;
		};
		B1A682CE2626EE1A00D9E902 /* Release */ = {
			isa = XCBuildConfiguration;
			buildSettings = {
				ASSETCATALOG_COMPILER_GLOBAL_ACCENT_COLOR_NAME = AccentColor;
				ASSETCATALOG_COMPILER_WIDGET_BACKGROUND_COLOR_NAME = WidgetBackground;
				CODE_SIGN_STYLE = Automatic;
				DEVELOPMENT_TEAM = A3KA6C6N4B;
				INFOPLIST_FILE = LocutionWidget/Info.plist;
				IPHONEOS_DEPLOYMENT_TARGET = 14.4;
				LD_RUNPATH_SEARCH_PATHS = (
					"$(inherited)",
					"@executable_path/Frameworks",
					"@executable_path/../../Frameworks",
				);
				PRODUCT_BUNDLE_IDENTIFIER = com.pratyush.Locution.LocutionWidget;
				PRODUCT_NAME = "$(TARGET_NAME)";
				SDKROOT = iphoneos;
				SKIP_INSTALL = YES;
				SWIFT_VERSION = 5.0;
				TARGETED_DEVICE_FAMILY = "1,2";
				VALIDATE_PRODUCT = YES;
			};
			name = Release;
		};
/* End XCBuildConfiguration section */

/* Begin XCConfigurationList section */
		B1992E862625ABC2006D171B /* Build configuration list for PBXProject "Locution" */ = {
			isa = XCConfigurationList;
			buildConfigurations = (
				B1992EB72625ABC5006D171B /* Debug */,
				B1992EB82625ABC5006D171B /* Release */,
			);
			defaultConfigurationIsVisible = 0;
			defaultConfigurationName = Release;
		};
		B1992EB92625ABC5006D171B /* Build configuration list for PBXNativeTarget "Locution (iOS)" */ = {
			isa = XCConfigurationList;
			buildConfigurations = (
				B1992EBA2625ABC5006D171B /* Debug */,
				B1992EBB2625ABC5006D171B /* Release */,
			);
			defaultConfigurationIsVisible = 0;
			defaultConfigurationName = Release;
		};
		B1992EBC2625ABC5006D171B /* Build configuration list for PBXNativeTarget "Locution (macOS)" */ = {
			isa = XCConfigurationList;
			buildConfigurations = (
				B1992EBD2625ABC5006D171B /* Debug */,
				B1992EBE2625ABC5006D171B /* Release */,
			);
			defaultConfigurationIsVisible = 0;
			defaultConfigurationName = Release;
		};
		B1992EBF2625ABC5006D171B /* Build configuration list for PBXNativeTarget "Tests iOS" */ = {
			isa = XCConfigurationList;
			buildConfigurations = (
				B1992EC02625ABC5006D171B /* Debug */,
				B1992EC12625ABC5006D171B /* Release */,
			);
			defaultConfigurationIsVisible = 0;
			defaultConfigurationName = Release;
		};
		B1992EC22625ABC5006D171B /* Build configuration list for PBXNativeTarget "Tests macOS" */ = {
			isa = XCConfigurationList;
			buildConfigurations = (
				B1992EC32625ABC5006D171B /* Debug */,
				B1992EC42625ABC5006D171B /* Release */,
			);
			defaultConfigurationIsVisible = 0;
			defaultConfigurationName = Release;
		};
		B1A682CC2626EE1A00D9E902 /* Build configuration list for PBXNativeTarget "LocutionWidgetExtension" */ = {
			isa = XCConfigurationList;
			buildConfigurations = (
				B1A682CD2626EE1A00D9E902 /* Debug */,
				B1A682CE2626EE1A00D9E902 /* Release */,
			);
			defaultConfigurationIsVisible = 0;
			defaultConfigurationName = Release;
		};
/* End XCConfigurationList section */

/* Begin XCVersionGroup section */
		B1992EC92625AC02006D171B /* Words.xcdatamodeld */ = {
			isa = XCVersionGroup;
			children = (
				B1992ECA2625AC02006D171B /* Words.xcdatamodel */,
			);
			currentVersion = B1992ECA2625AC02006D171B /* Words.xcdatamodel */;
			path = Words.xcdatamodeld;
			sourceTree = "<group>";
			versionGroupType = wrapper.xcdatamodel;
		};
/* End XCVersionGroup section */
	};
	rootObject = B1992E832625ABC2006D171B /* Project object */;
}
